{
  "name": "blossom-server",
  "version": "1.0.0",
  "lockfileVersion": 3,
  "requires": true,
  "packages": {
    "": {
      "name": "blossom-server",
      "version": "1.0.0",
      "license": "ISC",
      "devDependencies": {
        "@cloudflare/containers": "^0.3.4"
      }
    },
    "node_modules/@cloudflare/containers": {
      "version": "0.3.4",
      "resolved": "https://registry.npmjs.org/@cloudflare/containers/-/containers-0.3.4.tgz",
      "integrity": "sha512-6kWodmgBSug/rr9fjcWrZcKhxmWTEc1BTKC6nVv7yvYaRRvV3rZPZjq9R17eN0l9cl2LNc03wp/Z6OV+0uDwXA==",
      "dev": true,
      "license": "ISC"
    }
  }
}
